
Microsoft Visual Studio Solution File, Format Version 12.00
# Visual Studio Version 16
VisualStudioVersion = 16.0.30114.105
MinimumVisualStudioVersion = 10.0.40219.1
Project("{FAE04EC0-301F-11D3-BF4B-00C04F79EFBC}") = "Project4Life.Api", "Project4Life.Api\Project4Life.Api.csproj", "{93B3A91D-0BFB-4684-9AF3-A8D6B83A61C0}"
EndProject
Project("{FAE04EC0-301F-11D3-BF4B-00C04F79EFBC}") = "Project4Life.Domain", "Project4Life.Domain\Project4Life.Domain.csproj", "{49A5E9DA-0001-4488-B3F4-826D581F7A84}"
EndProject
Project("{FAE04EC0-301F-11D3-BF4B-00C04F79EFBC}") = "Project4Life.Data", "Project4Life.Data\Project4Life.Data.csproj", "{88ED903A-2676-4F5D-AC9F-9B8B34E56D7A}"
EndProject
Project("{2150E333-8FDC-42A3-9474-1A3956D46DE8}") = "tests", "tests", "{BE1D8647-908D-47D6-8D97-5328A88A16BA}"
EndProject
Project("{FAE04EC0-301F-11D3-BF4B-00C04F79EFBC}") = "Project4Life.Domain.Tests", "Tests\Project4Life.Domain.Tests\Project4Life.Domain.Tests.csproj", "{3C9CCFA7-D467-4B8E-A4AC-2E4FF0A997B3}"
EndProject
Global
	GlobalSection(SolutionConfigurationPlatforms) = preSolution
		Debug|Any CPU = Debug|Any CPU
		Release|Any CPU = Release|Any CPU
	EndGlobalSection
	GlobalSection(SolutionProperties) = preSolution
		HideSolutionNode = FALSE
	EndGlobalSection
	GlobalSection(ProjectConfigurationPlatforms) = postSolution
		{93B3A91D-0BFB-4684-9AF3-A8D6B83A61C0}.Debug|Any CPU.ActiveCfg = Debug|Any CPU
		{93B3A91D-0BFB-4684-9AF3-A8D6B83A61C0}.Debug|Any CPU.Build.0 = Debug|Any CPU
		{93B3A91D-0BFB-4684-9AF3-A8D6B83A61C0}.Release|Any CPU.ActiveCfg = Release|Any CPU
		{93B3A91D-0BFB-4684-9AF3-A8D6B83A61C0}.Release|Any CPU.Build.0 = Release|Any CPU
		{49A5E9DA-0001-4488-B3F4-826D581F7A84}.Debug|Any CPU.ActiveCfg = Debug|Any CPU
		{49A5E9DA-0001-4488-B3F4-826D581F7A84}.Debug|Any CPU.Build.0 = Debug|Any CPU
		{49A5E9DA-0001-4488-B3F4-826D581F7A84}.Release|Any CPU.ActiveCfg = Release|Any CPU
		{49A5E9DA-0001-4488-B3F4-826D581F7A84}.Release|Any CPU.Build.0 = Release|Any CPU
		{88ED903A-2676-4F5D-AC9F-9B8B34E56D7A}.Debug|Any CPU.ActiveCfg = Debug|Any CPU
		{88ED903A-2676-4F5D-AC9F-9B8B34E56D7A}.Debug|Any CPU.Build.0 = Debug|Any CPU
		{88ED903A-2676-4F5D-AC9F-9B8B34E56D7A}.Release|Any CPU.ActiveCfg = Release|Any CPU
		{88ED903A-2676-4F5D-AC9F-9B8B34E56D7A}.Release|Any CPU.Build.0 = Release|Any CPU
		{3C9CCFA7-D467-4B8E-A4AC-2E4FF0A997B3}.Debug|Any CPU.ActiveCfg = Debug|Any CPU
		{3C9CCFA7-D467-4B8E-A4AC-2E4FF0A997B3}.Debug|Any CPU.Build.0 = Debug|Any CPU
		{3C9CCFA7-D467-4B8E-A4AC-2E4FF0A997B3}.Release|Any CPU.ActiveCfg = Release|Any CPU
		{3C9CCFA7-D467-4B8E-A4AC-2E4FF0A997B3}.Release|Any CPU.Build.0 = Release|Any CPU
	EndGlobalSection
	GlobalSection(NestedProjects) = preSolution
		{3C9CCFA7-D467-4B8E-A4AC-2E4FF0A997B3} = {BE1D8647-908D-47D6-8D97-5328A88A16BA}
	EndGlobalSection
EndGlobal